// !$*UTF8*$!
{
	archiveVersion = 1;
	classes = {
	};
	objectVersion = 56;
	objects = {

/* Begin PBXBuildFile section */
		A1943F802AFB8742004714CC /* AppDelegate.swift in Sources */ = {isa = PBXBuildFile; fileRef = A1943F7F2AFB8742004714CC /* AppDelegate.swift */; };
		A1943F822AFB8742004714CC /* SceneDelegate.swift in Sources */ = {isa = PBXBuildFile; fileRef = A1943F812AFB8742004714CC /* SceneDelegate.swift */; };
		A1943F892AFB8747004714CC /* Assets.xcassets in Resources */ = {isa = PBXBuildFile; fileRef = A1943F882AFB8747004714CC /* Assets.xcassets */; };
		A1943F8C2AFB8747004714CC /* LaunchScreen.storyboard in Resources */ = {isa = PBXBuildFile; fileRef = A1943F8A2AFB8747004714CC /* LaunchScreen.storyboard */; };
		A1943F9A2AFB8822004714CC /* Home.storyboard in Resources */ = {isa = PBXBuildFile; fileRef = A1943F992AFB8822004714CC /* Home.storyboard */; };
		A1943F9C2AFB883B004714CC /* HomeViewController.swift in Sources */ = {isa = PBXBuildFile; fileRef = A1943F9B2AFB883B004714CC /* HomeViewController.swift */; };
		A1943F9F2AFB88CD004714CC /* UiViewController+Extension.swift in Sources */ = {isa = PBXBuildFile; fileRef = A1943F9E2AFB88CD004714CC /* UiViewController+Extension.swift */; };
		A1943FA12AFB8CB0004714CC /* WebService.swift in Sources */ = {isa = PBXBuildFile; fileRef = A1943FA02AFB8CB0004714CC /* WebService.swift */; };
		A1943FA32AFB92C3004714CC /* NewsTableViewCell.swift in Sources */ = {isa = PBXBuildFile; fileRef = A1943FA22AFB92C3004714CC /* NewsTableViewCell.swift */; };
		A1943FA52AFB9DCC004714CC /* Article.swift in Sources */ = {isa = PBXBuildFile; fileRef = A1943FA42AFB9DCC004714CC /* Article.swift */; };
		A1943FA72AFBAC3A004714CC /* ArticlesListViewModel.swift in Sources */ = {isa = PBXBuildFile; fileRef = A1943FA62AFBAC3A004714CC /* ArticlesListViewModel.swift */; };
		A1943FAA2AFCB328004714CC /* SDWebImage in Frameworks */ = {isa = PBXBuildFile; productRef = A1943FA92AFCB328004714CC /* SDWebImage */; };
		A1B591E72AFCEC8500FC8330 /* DetailsViewController.swift in Sources */ = {isa = PBXBuildFile; fileRef = A1B591E62AFCEC8500FC8330 /* DetailsViewController.swift */; };
/* End PBXBuildFile section */

/* Begin PBXFileReference section */
		A1943F7C2AFB8742004714CC /* News_MVVM (UIKit).app */ = {isa = PBXFileReference; explicitFileType = wrapper.application; includeInIndex = 0; path = "News_MVVM (UIKit).app"; sourceTree = BUILT_PRODUCTS_DIR; };
		A1943F7F2AFB8742004714CC /* AppDelegate.swift */ = {isa = PBXFileReference; lastKnownFileType = sourcecode.swift; path = AppDelegate.swift; sourceTree = "<group>"; };
		A1943F812AFB8742004714CC /* SceneDelegate.swift */ = {isa = PBXFileReference; lastKnownFileType = sourcecode.swift; path = SceneDelegate.swift; sourceTree = "<group>"; };
		A1943F882AFB8747004714CC /* Assets.xcassets */ = {isa = PBXFileReference; lastKnownFileType = folder.assetcatalog; path = Assets.xcassets; sourceTree = "<group>"; };
		A1943F8B2AFB8747004714CC /* Base */ = {isa = PBXFileReference; lastKnownFileType = file.storyboard; name = Base; path = Base.lproj/LaunchScreen.storyboard; sourceTree = "<group>"; };
		A1943F8D2AFB8747004714CC /* Info.plist */ = {isa = PBXFileReference; lastKnownFileType = text.plist.xml; path = Info.plist; sourceTree = "<group>"; };
		A1943F992AFB8822004714CC /* Home.storyboard */ = {isa = PBXFileReference; lastKnownFileType = file.storyboard; path = Home.storyboard; sourceTree = "<group>"; };
		A1943F9B2AFB883B004714CC /* HomeViewController.swift */ = {isa = PBXFileReference; lastKnownFileType = sourcecode.swift; path = HomeViewController.swift; sourceTree = "<group>"; };
		A1943F9E2AFB88CD004714CC /* UiViewController+Extension.swift */ = {isa = PBXFileReference; lastKnownFileType = sourcecode.swift; path = "UiViewController+Extension.swift"; sourceTree = "<group>"; };
		A1943FA02AFB8CB0004714CC /* WebService.swift */ = {isa = PBXFileReference; lastKnownFileType = sourcecode.swift; path = WebService.swift; sourceTree = "<group>"; };
		A1943FA22AFB92C3004714CC /* NewsTableViewCell.swift */ = {isa = PBXFileReference; lastKnownFileType = sourcecode.swift; path = NewsTableViewCell.swift; sourceTree = "<group>"; };
		A1943FA42AFB9DCC004714CC /* Article.swift */ = {isa = PBXFileReference; lastKnownFileType = sourcecode.swift; path = Article.swift; sourceTree = "<group>"; };
		A1943FA62AFBAC3A004714CC /* ArticlesListViewModel.swift */ = {isa = PBXFileReference; lastKnownFileType = sourcecode.swift; path = ArticlesListViewModel.swift; sourceTree = "<group>"; };
		A1B591E62AFCEC8500FC8330 /* DetailsViewController.swift */ = {isa = PBXFileReference; lastKnownFileType = sourcecode.swift; path = DetailsViewController.swift; sourceTree = "<group>"; };
/* End PBXFileReference section */

/* Begin PBXFrameworksBuildPhase section */
		A1943F792AFB8742004714CC /* Frameworks */ = {
			isa = PBXFrameworksBuildPhase;
			buildActionMask = 2147483647;
			files = (
				A1943FAA2AFCB328004714CC /* SDWebImage in Frameworks */,
			);
			runOnlyForDeploymentPostprocessing = 0;
		};
/* End PBXFrameworksBuildPhase section */

/* Begin PBXGroup section */
		A1943F732AFB8742004714CC = {
			isa = PBXGroup;
			children = (
				A1943F7E2AFB8742004714CC /* News_MVVM (UIKit) */,
				A1943F7D2AFB8742004714CC /* Products */,
			);
			sourceTree = "<group>";
		};
		A1943F7D2AFB8742004714CC /* Products */ = {
			isa = PBXGroup;
			children = (
				A1943F7C2AFB8742004714CC /* News_MVVM (UIKit).app */,
			);
			name = Products;
			sourceTree = "<group>";
		};
		A1943F7E2AFB8742004714CC /* News_MVVM (UIKit) */ = {
			isa = PBXGroup;
			children = (
				A1943F9D2AFB889C004714CC /* Extensions */,
				A1943F972AFB87A0004714CC /* ViewModels */,
				A1943F962AFB879B004714CC /* Models */,
				A1943F942AFB8768004714CC /* Views */,
				A1943F932AFB8752004714CC /* Sevices */,
				A1943F7F2AFB8742004714CC /* AppDelegate.swift */,
				A1943F812AFB8742004714CC /* SceneDelegate.swift */,
				A1943F882AFB8747004714CC /* Assets.xcassets */,
				A1943F8A2AFB8747004714CC /* LaunchScreen.storyboard */,
				A1943F8D2AFB8747004714CC /* Info.plist */,
			);
			path = "News_MVVM (UIKit)";
			sourceTree = "<group>";
		};
		A1943F932AFB8752004714CC /* Sevices */ = {
			isa = PBXGroup;
			children = (
				A1943FA02AFB8CB0004714CC /* WebService.swift */,
			);
			path = Sevices;
			sourceTree = "<group>";
		};
		A1943F942AFB8768004714CC /* Views */ = {
			isa = PBXGroup;
			children = (
				A1943F982AFB87F8004714CC /* Home */,
			);
			path = Views;
			sourceTree = "<group>";
		};
		A1943F962AFB879B004714CC /* Models */ = {
			isa = PBXGroup;
			children = (
				A1943FA42AFB9DCC004714CC /* Article.swift */,
			);
			path = Models;
			sourceTree = "<group>";
		};
		A1943F972AFB87A0004714CC /* ViewModels */ = {
			isa = PBXGroup;
			children = (
				A1943FA62AFBAC3A004714CC /* ArticlesListViewModel.swift */,
			);
			path = ViewModels;
			sourceTree = "<group>";
		};
		A1943F982AFB87F8004714CC /* Home */ = {
			isa = PBXGroup;
			children = (
				A1943F992AFB8822004714CC /* Home.storyboard */,
				A1943F9B2AFB883B004714CC /* HomeViewController.swift */,
				A1943FA22AFB92C3004714CC /* NewsTableViewCell.swift */,
				A1B591E62AFCEC8500FC8330 /* DetailsViewController.swift */,
			);
			path = Home;
			sourceTree = "<group>";
		};
		A1943F9D2AFB889C004714CC /* Extensions */ = {
			isa = PBXGroup;
			children = (
				A1943F9E2AFB88CD004714CC /* UiViewController+Extension.swift */,
			);
			path = Extensions;
			sourceTree = "<group>";
		};
/* End PBXGroup section */

/* Begin PBXNativeTarget section */
		A1943F7B2AFB8742004714CC /* News_MVVM (UIKit) */ = {
			isa = PBXNativeTarget;
			buildConfigurationList = A1943F902AFB8747004714CC /* Build configuration list for PBXNativeTarget "News_MVVM (UIKit)" */;
			buildPhases = (
				A1943F782AFB8742004714CC /* Sources */,
				A1943F792AFB8742004714CC /* Frameworks */,
				A1943F7A2AFB8742004714CC /* Resources */,
			);
			buildRules = (
			);
			dependencies = (
			);
			name = "News_MVVM (UIKit)";
			packageProductDependencies = (
				A1943FA92AFCB328004714CC /* SDWebImage */,
			);
			productName = "News_MVVM (UIKit)";
			productReference = A1943F7C2AFB8742004714CC /* News_MVVM (UIKit).app */;
			productType = "com.apple.product-type.application";
		};
/* End PBXNativeTarget section */

/* Begin PBXProject section */
		A1943F742AFB8742004714CC /* Project object */ = {
			isa = PBXProject;
			attributes = {
				BuildIndependentTargetsInParallel = 1;
				LastSwiftUpdateCheck = 1430;
				LastUpgradeCheck = 1430;
				TargetAttributes = {
					A1943F7B2AFB8742004714CC = {
						CreatedOnToolsVersion = 14.3.1;
					};
				};
			};
			buildConfigurationList = A1943F772AFB8742004714CC /* Build configuration list for PBXProject "News_MVVM (UIKit)" */;
			compatibilityVersion = "Xcode 14.0";
			developmentRegion = en;
			hasScannedForEncodings = 0;
			knownRegions = (
				en,
				Base,
			);
			mainGroup = A1943F732AFB8742004714CC;
			packageReferences = (
				A1943FA82AFCB328004714CC /* XCRemoteSwiftPackageReference "SDWebImage" */,
			);
			productRefGroup = A1943F7D2AFB8742004714CC /* Products */;
			projectDirPath = "";
			projectRoot = "";
			targets = (
				A1943F7B2AFB8742004714CC /* News_MVVM (UIKit) */,
			);
		};
/* End PBXProject section */

/* Begin PBXResourcesBuildPhase section */
		A1943F7A2AFB8742004714CC /* Resources */ = {
			isa = PBXResourcesBuildPhase;
			buildActionMask = 2147483647;
			files = (
				A1943F9A2AFB8822004714CC /* Home.storyboard in Resources */,
				A1943F8C2AFB8747004714CC /* LaunchScreen.storyboard in Resources */,
				A1943F892AFB8747004714CC /* Assets.xcassets in Resources */,
			);
			runOnlyForDeploymentPostprocessing = 0;
		};
/* End PBXResourcesBuildPhase section */

/* Begin PBXSourcesBuildPhase section */
		A1943F782AFB8742004714CC /* Sources */ = {
			isa = PBXSourcesBuildPhase;
			buildActionMask = 2147483647;
			files = (
				A1943FA52AFB9DCC004714CC /* Article.swift in Sources */,
				A1943F9F2AFB88CD004714CC /* UiViewController+Extension.swift in Sources */,
				A1B591E72AFCEC8500FC8330 /* DetailsViewController.swift in Sources */,
				A1943F802AFB8742004714CC /* AppDelegate.swift in Sources */,
				A1943FA72AFBAC3A004714CC /* ArticlesListViewModel.swift in Sources */,
				A1943FA32AFB92C3004714CC /* NewsTableViewCell.swift in Sources */,
				A1943F822AFB8742004714CC /* SceneDelegate.swift in Sources */,
				A1943FA12AFB8CB0004714CC /* WebService.swift in Sources */,
				A1943F9C2AFB883B004714CC /* HomeViewController.swift in Sources */,
			);
			runOnlyForDeploymentPostprocessing = 0;
		};
/* End PBXSourcesBuildPhase section */

/* Begin PBXVariantGroup section */
		A1943F8A2AFB8747004714CC /* LaunchScreen.storyboard */ = {
			isa = PBXVariantGroup;
			children = (
				A1943F8B2AFB8747004714CC /* Base */,
			);
			name = LaunchScreen.storyboard;
			sourceTree = "<group>";
		};
/* End PBXVariantGroup section */

/* Begin XCBuildConfiguration section */
		A1943F8E2AFB8747004714CC /* Debug */ = {
			isa = XCBuildConfiguration;
			buildSettings = {
				ALWAYS_SEARCH_USER_PATHS = NO;
				CLANG_ANALYZER_NONNULL = YES;
				CLANG_ANALYZER_NUMBER_OBJECT_CONVERSION = YES_AGGRESSIVE;
				CLANG_CXX_LANGUAGE_STANDARD = "gnu++20";
				CLANG_ENABLE_MODULES = YES;
				CLANG_ENABLE_OBJC_ARC = YES;
				CLANG_ENABLE_OBJC_WEAK = YES;
				CLANG_WARN_BLOCK_CAPTURE_AUTORELEASING = YES;
				CLANG_WARN_BOOL_CONVERSION = YES;
				CLANG_WARN_COMMA = YES;
				CLANG_WARN_CONSTANT_CONVERSION = YES;
				CLANG_WARN_DEPRECATED_OBJC_IMPLEMENTATIONS = YES;
				CLANG_WARN_DIRECT_OBJC_ISA_USAGE = YES_ERROR;
				CLANG_WARN_DOCUMENTATION_COMMENTS = YES;
				CLANG_WARN_EMPTY_BODY = YES;
				CLANG_WARN_ENUM_CONVERSION = YES;
				CLANG_WARN_INFINITE_RECURSION = YES;
				CLANG_WARN_INT_CONVERSION = YES;
				CLANG_WARN_NON_LITERAL_NULL_CONVERSION = YES;
				CLANG_WARN_OBJC_IMPLICIT_RETAIN_SELF = YES;
				CLANG_WARN_OBJC_LITERAL_CONVERSION = YES;
				CLANG_WARN_OBJC_ROOT_CLASS = YES_ERROR;
				CLANG_WARN_QUOTED_INCLUDE_IN_FRAMEWORK_HEADER = YES;
				CLANG_WARN_RANGE_LOOP_ANALYSIS = YES;
				CLANG_WARN_STRICT_PROTOTYPES = YES;
				CLANG_WARN_SUSPICIOUS_MOVE = YES;
				CLANG_WARN_UNGUARDED_AVAILABILITY = YES_AGGRESSIVE;
				CLANG_WARN_UNREACHABLE_CODE = YES;
				CLANG_WARN__DUPLICATE_METHOD_MATCH = YES;
				COPY_PHASE_STRIP = NO;
				DEBUG_INFORMATION_FORMAT = dwarf;
				ENABLE_STRICT_OBJC_MSGSEND = YES;
				ENABLE_TESTABILITY = YES;
				GCC_C_LANGUAGE_STANDARD = gnu11;
				GCC_DYNAMIC_NO_PIC = NO;
				GCC_NO_COMMON_BLOCKS = YES;
				GCC_OPTIMIZATION_LEVEL = 0;
				GCC_PREPROCESSOR_DEFINITIONS = (
					"DEBUG=1",
					"$(inherited)",
				);
				GCC_WARN_64_TO_32_BIT_CONVERSION = YES;
				GCC_WARN_ABOUT_RETURN_TYPE = YES_ERROR;
				GCC_WARN_UNDECLARED_SELECTOR = YES;
				GCC_WARN_UNINITIALIZED_AUTOS = YES_AGGRESSIVE;
				GCC_WARN_UNUSED_FUNCTION = YES;
				GCC_WARN_UNUSED_VARIABLE = YES;
				IPHONEOS_DEPLOYMENT_TARGET = 16.4;
				MTL_ENABLE_DEBUG_INFO = INCLUDE_SOURCE;
				MTL_FAST_MATH = YES;
				ONLY_ACTIVE_ARCH = YES;
				SDKROOT = iphoneos;
				SWIFT_ACTIVE_COMPILATION_CONDITIONS = DEBUG;
				SWIFT_OPTIMIZATION_LEVEL = "-Onone";
			};
			name = Debug;
		};
		A1943F8F2AFB8747004714CC /* Release */ = {
			isa = XCBuildConfiguration;
			buildSettings = {
				ALWAYS_SEARCH_USER_PATHS = NO;
				CLANG_ANALYZER_NONNULL = YES;
				CLANG_ANALYZER_NUMBER_OBJECT_CONVERSION = YES_AGGRESSIVE;
				CLANG_CXX_LANGUAGE_STANDARD = "gnu++20";
				CLANG_ENABLE_MODULES = YES;
				CLANG_ENABLE_OBJC_ARC = YES;
				CLANG_ENABLE_OBJC_WEAK = YES;
				CLANG_WARN_BLOCK_CAPTURE_AUTORELEASING = YES;
				CLANG_WARN_BOOL_CONVERSION = YES;
				CLANG_WARN_COMMA = YES;
				CLANG_WARN_CONSTANT_CONVERSION = YES;
				CLANG_WARN_DEPRECATED_OBJC_IMPLEMENTATIONS = YES;
				CLANG_WARN_DIRECT_OBJC_ISA_USAGE = YES_ERROR;
				CLANG_WARN_DOCUMENTATION_COMMENTS = YES;
				CLANG_WARN_EMPTY_BODY = YES;
				CLANG_WARN_ENUM_CONVERSION = YES;
				CLANG_WARN_INFINITE_RECURSION = YES;
				CLANG_WARN_INT_CONVERSION = YES;
				CLANG_WARN_NON_LITERAL_NULL_CONVERSION = YES;
				CLANG_WARN_OBJC_IMPLICIT_RETAIN_SELF = YES;
				CLANG_WARN_OBJC_LITERAL_CONVERSION = YES;
				CLANG_WARN_OBJC_ROOT_CLASS = YES_ERROR;
				CLANG_WARN_QUOTED_INCLUDE_IN_FRAMEWORK_HEADER = YES;
				CLANG_WARN_RANGE_LOOP_ANALYSIS = YES;
				CLANG_WARN_STRICT_PROTOTYPES = YES;
				CLANG_WARN_SUSPICIOUS_MOVE = YES;
				CLANG_WARN_UNGUARDED_AVAILABILITY = YES_AGGRESSIVE;
				CLANG_WARN_UNREACHABLE_CODE = YES;
				CLANG_WARN__DUPLICATE_METHOD_MATCH = YES;
				COPY_PHASE_STRIP = NO;
				DEBUG_INFORMATION_FORMAT = "dwarf-with-dsym";
				ENABLE_NS_ASSERTIONS = NO;
				ENABLE_STRICT_OBJC_MSGSEND = YES;
				GCC_C_LANGUAGE_STANDARD = gnu11;
				GCC_NO_COMMON_BLOCKS = YES;
				GCC_WARN_64_TO_32_BIT_CONVERSION = YES;
				GCC_WARN_ABOUT_RETURN_TYPE = YES_ERROR;
				GCC_WARN_UNDECLARED_SELECTOR = YES;
				GCC_WARN_UNINITIALIZED_AUTOS = YES_AGGRESSIVE;
				GCC_WARN_UNUSED_FUNCTION = YES;
				GCC_WARN_UNUSED_VARIABLE = YES;
				IPHONEOS_DEPLOYMENT_TARGET = 16.4;
				MTL_ENABLE_DEBUG_INFO = NO;
				MTL_FAST_MATH = YES;
				SDKROOT = iphoneos;
				SWIFT_COMPILATION_MODE = wholemodule;
				SWIFT_OPTIMIZATION_LEVEL = "-O";
				VALIDATE_PRODUCT = YES;
			};
			name = Release;
		};
		A1943F912AFB8747004714CC /* Debug */ = {
			isa = XCBuildConfiguration;
			buildSettings = {
				ASSETCATALOG_COMPILER_APPICON_NAME = AppIcon;
				ASSETCATALOG_COMPILER_GLOBAL_ACCENT_COLOR_NAME = AccentColor;
				CODE_SIGN_STYLE = Automatic;
				CURRENT_PROJECT_VERSION = 1;
				DEVELOPMENT_TEAM = KSQAVXV66T;
				GENERATE_INFOPLIST_FILE = YES;
				INFOPLIST_FILE = "News_MVVM (UIKit)/Info.plist";
				INFOPLIST_KEY_UIApplicationSupportsIndirectInputEvents = YES;
				INFOPLIST_KEY_UILaunchStoryboardName = LaunchScreen;
				INFOPLIST_KEY_UISupportedInterfaceOrientations_iPad = "UIInterfaceOrientationPortrait UIInterfaceOrientationPortraitUpsideDown UIInterfaceOrientationLandscapeLeft UIInterfaceOrientationLandscapeRight";
				INFOPLIST_KEY_UISupportedInterfaceOrientations_iPhone = "UIInterfaceOrientationPortrait UIInterfaceOrientationLandscapeLeft UIInterfaceOrientationLandscapeRight";
				LD_RUNPATH_SEARCH_PATHS = (
					"$(inherited)",
					"@executable_path/Frameworks",
				);
				MARKETING_VERSION = 1.0;
				PRODUCT_BUNDLE_IDENTIFIER = "youssefedeeb.News-MVVM--UIKit-";
				PRODUCT_NAME = "$(TARGET_NAME)";
				SWIFT_EMIT_LOC_STRINGS = YES;
				SWIFT_VERSION = 5.0;
				TARGETED_DEVICE_FAMILY = "1,2";
			};
			name = Debug;
		};
		A1943F922AFB8747004714CC /* Release */ = {
			isa = XCBuildConfiguration;
			buildSettings = {
				ASSETCATALOG_COMPILER_APPICON_NAME = AppIcon;
				ASSETCATALOG_COMPILER_GLOBAL_ACCENT_COLOR_NAME = AccentColor;
				CODE_SIGN_STYLE = Automatic;
				CURRENT_PROJECT_VERSION = 1;
				DEVELOPMENT_TEAM = KSQAVXV66T;
				GENERATE_INFOPLIST_FILE = YES;
				INFOPLIST_FILE = "News_MVVM (UIKit)/Info.plist";
				INFOPLIST_KEY_UIApplicationSupportsIndirectInputEvents = YES;
				INFOPLIST_KEY_UILaunchStoryboardName = LaunchScreen;
				INFOPLIST_KEY_UISupportedInterfaceOrientations_iPad = "UIInterfaceOrientationPortrait UIInterfaceOrientationPortraitUpsideDown UIInterfaceOrientationLandscapeLeft UIInterfaceOrientationLandscapeRight";
				INFOPLIST_KEY_UISupportedInterfaceOrientations_iPhone = "UIInterfaceOrientationPortrait UIInterfaceOrientationLandscapeLeft UIInterfaceOrientationLandscapeRight";
				LD_RUNPATH_SEARCH_PATHS = (
					"$(inherited)",
					"@executable_path/Frameworks",
				);
				MARKETING_VERSION = 1.0;
				PRODUCT_BUNDLE_IDENTIFIER = "youssefedeeb.News-MVVM--UIKit-";
				PRODUCT_NAME = "$(TARGET_NAME)";
				SWIFT_EMIT_LOC_STRINGS = YES;
				SWIFT_VERSION = 5.0;
				TARGETED_DEVICE_FAMILY = "1,2";
			};
			name = Release;
		};
/* End XCBuildConfiguration section */

/* Begin XCConfigurationList section */
		A1943F772AFB8742004714CC /* Build configuration list for PBXProject "News_MVVM (UIKit)" */ = {
			isa = XCConfigurationList;
			buildConfigurations = (
				A1943F8E2AFB8747004714CC /* Debug */,
				A1943F8F2AFB8747004714CC /* Release */,
			);
			defaultConfigurationIsVisible = 0;
			defaultConfigurationName = Release;
		};
		A1943F902AFB8747004714CC /* Build configuration list for PBXNativeTarget "News_MVVM (UIKit)" */ = {
			isa = XCConfigurationList;
			buildConfigurations = (
				A1943F912AFB8747004714CC /* Debug */,
				A1943F922AFB8747004714CC /* Release */,
			);
			defaultConfigurationIsVisible = 0;
			defaultConfigurationName = Release;
		};
/* End XCConfigurationList section */

/* Begin XCRemoteSwiftPackageReference section */
		A1943FA82AFCB328004714CC /* XCRemoteSwiftPackageReference "SDWebImage" */ = {
			isa = XCRemoteSwiftPackageReference;
			repositoryURL = "https://github.com/SDWebImage/SDWebImage";
			requirement = {
				kind = upToNextMajorVersion;
				minimumVersion = 5.0.0;
			};
		};
/* End XCRemoteSwiftPackageReference section */

/* Begin XCSwiftPackageProductDependency section */
		A1943FA92AFCB328004714CC /* SDWebImage */ = {
			isa = XCSwiftPackageProductDependency;
			package = A1943FA82AFCB328004714CC /* XCRemoteSwiftPackageReference "SDWebImage" */;
			productName = SDWebImage;
		};
/* End XCSwiftPackageProductDependency section */
	};
	rootObject = A1943F742AFB8742004714CC /* Project object */;
}
